
Microsoft Visual Studio Solution File, Format Version 12.00
# Visual Studio 14
VisualStudioVersion = 14.0.25420.1
MinimumVisualStudioVersion = 10.0.40219.1
Project("{FAE04EC0-301F-11D3-BF4B-00C04F79EFBC}") = "CSharpKnowledgeBaseAndTests", "CSharpKnowledgeBaseAndTests\CSharpKnowledgeBaseAndTests.csproj", "{82BA5B61-4F3F-49F4-93A6-EDD7A83126FD}"
EndProject
Project("{FAE04EC0-301F-11D3-BF4B-00C04F79EFBC}") = "Basis", "Basis\Basis.csproj", "{5CD164A8-6DA2-403B-8753-19D461CF4BCD}"
EndProject
Project("{FAE04EC0-301F-11D3-BF4B-00C04F79EFBC}") = "NUnitLearning", "NUnitLearning\NUnitLearning.csproj", "{3D04F5E4-0E53-4D58-82AC-4DB2FA493EF5}"
EndProject
Global
	GlobalSection(SolutionConfigurationPlatforms) = preSolution
		Debug|Any CPU = Debug|Any CPU
		Release|Any CPU = Release|Any CPU
	EndGlobalSection
	GlobalSection(ProjectConfigurationPlatforms) = postSolution
		{82BA5B61-4F3F-49F4-93A6-EDD7A83126FD}.Debug|Any CPU.ActiveCfg = Debug|Any CPU
		{82BA5B61-4F3F-49F4-93A6-EDD7A83126FD}.Debug|Any CPU.Build.0 = Debug|Any CPU
		{82BA5B61-4F3F-49F4-93A6-EDD7A83126FD}.Release|Any CPU.ActiveCfg = Release|Any CPU
		{82BA5B61-4F3F-49F4-93A6-EDD7A83126FD}.Release|Any CPU.Build.0 = Release|Any CPU
		{5CD164A8-6DA2-403B-8753-19D461CF4BCD}.Debug|Any CPU.ActiveCfg = Debug|Any CPU
		{5CD164A8-6DA2-403B-8753-19D461CF4BCD}.Debug|Any CPU.Build.0 = Debug|Any CPU
		{5CD164A8-6DA2-403B-8753-19D461CF4BCD}.Release|Any CPU.ActiveCfg = Release|Any CPU
		{5CD164A8-6DA2-403B-8753-19D461CF4BCD}.Release|Any CPU.Build.0 = Release|Any CPU
		{3D04F5E4-0E53-4D58-82AC-4DB2FA493EF5}.Debug|Any CPU.ActiveCfg = Debug|Any CPU
		{3D04F5E4-0E53-4D58-82AC-4DB2FA493EF5}.Debug|Any CPU.Build.0 = Debug|Any CPU
		{3D04F5E4-0E53-4D58-82AC-4DB2FA493EF5}.Release|Any CPU.ActiveCfg = Release|Any CPU
		{3D04F5E4-0E53-4D58-82AC-4DB2FA493EF5}.Release|Any CPU.Build.0 = Release|Any CPU
	EndGlobalSection
	GlobalSection(SolutionProperties) = preSolution
		HideSolutionNode = FALSE
	EndGlobalSection
EndGlobal
